Microsoft Visual Studio Solution File, Format Version 12.00
# Visual Studio Version 17
VisualStudioVersion = 17.5.2.0
MinimumVisualStudioVersion = 10.0.40219.1
Project("{FAE04EC0-301F-11D3-BF4B-00C04F79EFBC}") = "ProjectManagementAPI", "backend\ProjectManagementAPI.csproj", "{64996127-4B17-7353-347A-53EE0CAEDB74}"
EndProject
Global
	GlobalSection(SolutionConfigurationPlatforms) = preSolution
		Debug|Any CPU = Debug|Any CPU
		Release|Any CPU = Release|Any CPU
	EndGlobalSection
	GlobalSection(ProjectConfigurationPlatforms) = postSolution
		{64996127-4B17-7353-347A-53EE0CAEDB74}.Debug|Any CPU.ActiveCfg = Debug|Any CPU
		{64996127-4B17-7353-347A-53EE0CAEDB74}.Debug|Any CPU.Build.0 = Debug|Any CPU
		{64996127-4B17-7353-347A-53EE0CAEDB74}.Release|Any CPU.ActiveCfg = Release|Any CPU
		{64996127-4B17-7353-347A-53EE0CAEDB74}.Release|Any CPU.Build.0 = Release|Any CPU
	EndGlobalSection
	GlobalSection(SolutionProperties) = preSolution
		HideSolutionNode = FALSE
	EndGlobalSection
	GlobalSection(ExtensibilityGlobals) = postSolution
		SolutionGuid = {14200F76-FDE7-4412-9270-126AC477C4C7}
	EndGlobalSection
EndGlobal
